
Microsoft Visual Studio Solution File, Format Version 12.00
# Visual Studio Version 16
VisualStudioVersion = 16.0.30225.117
MinimumVisualStudioVersion = 10.0.40219.1
Project("{FAE04EC0-301F-11D3-BF4B-00C04F79EFBC}") = "ConSorDicLiApp", "ConSorDicLiApp\ConSorDicLiApp.csproj", "{F5F2E28B-F1B0-4AB8-BD4A-C42FF474ED4B}"
EndProject
Global
	GlobalSection(SolutionConfigurationPlatforms) = preSolution
		Debug|Any CPU = Debug|Any CPU
		Release|Any CPU = Release|Any CPU
	EndGlobalSection
	GlobalSection(ProjectConfigurationPlatforms) = postSolution
		{F5F2E28B-F1B0-4AB8-BD4A-C42FF474ED4B}.Debug|Any CPU.ActiveCfg = Debug|Any CPU
		{F5F2E28B-F1B0-4AB8-BD4A-C42FF474ED4B}.Debug|Any CPU.Build.0 = Debug|Any CPU
		{F5F2E28B-F1B0-4AB8-BD4A-C42FF474ED4B}.Release|Any CPU.ActiveCfg = Release|Any CPU
		{F5F2E28B-F1B0-4AB8-BD4A-C42FF474ED4B}.Release|Any CPU.Build.0 = Release|Any CPU
	EndGlobalSection
	GlobalSection(SolutionProperties) = preSolution
		HideSolutionNode = FALSE
	EndGlobalSection
	GlobalSection(ExtensibilityGlobals) = postSolution
		SolutionGuid = {C794AB1B-01CF-4CE0-8FCB-D3E47850FE92}
	EndGlobalSection
EndGlobal
